{
    "version": 3,
    "terraform_version": "0.11.7",
    "serial": 11,
    "lineage": "0ceab0cb-a897-0b5a-e076-9cae6dcacf08",
    "modules": [
        {
            "path": [
                "root"
            ],
            "outputs": {
                "IP Address": {
                    "sensitive": false,
                    "type": "string",
                    "value": "172.17.0.2"
                },
                "container_name": {
                    "sensitive": false,
                    "type": "string",
                    "value": "blog"
                }
            },
            "resources": {},
            "depends_on": []
        },
        {
            "path": [
                "root",
                "container"
            ],
            "outputs": {
                "container_name": {
                    "sensitive": false,
                    "type": "string",
                    "value": "blog"
                },
                "ip_addr": {
                    "sensitive": false,
                    "type": "string",
                    "value": "172.17.0.2"
                }
            },
            "resources": {
                "docker_container.container_id": {
                    "type": "docker_container",
                    "depends_on": [],
                    "primary": {
                        "id": "00ce03226b6f209dbb891281140712522f9a4ee412d3fbdb2b764f74c0ef9cf9",
                        "attributes": {
                            "bridge": "",
                            "gateway": "172.17.0.1",
                            "id": "00ce03226b6f209dbb891281140712522f9a4ee412d3fbdb2b764f74c0ef9cf9",
                            "image": "sha256:1d828b9543a28c6d45e8108d059906f554fe2278587019826ef3327cc98d6f03",
                            "ip_address": "172.17.0.2",
                            "ip_prefix_length": "16",
                            "log_driver": "json-file",
                            "must_run": "true",
                            "name": "blog",
                            "ports.#": "1",
                            "ports.3299995924.external": "8128",
                            "ports.3299995924.internal": "2368",
                            "ports.3299995924.ip": "",
                            "ports.3299995924.protocol": "tcp",
                            "restart": "no"
                        },
                        "meta": {},
                        "tainted": false
                    },
                    "deposed": [],
                    "provider": "provider.docker"
                }
            },
            "depends_on": []
        },
        {
            "path": [
                "root",
                "image"
            ],
            "outputs": {
                "image_out": {
                    "sensitive": false,
                    "type": "string",
                    "value": "sha256:1d828b9543a28c6d45e8108d059906f554fe2278587019826ef3327cc98d6f03"
                }
            },
            "resources": {
                "docker_image.image_id": {
                    "type": "docker_image",
                    "depends_on": [],
                    "primary": {
                        "id": "sha256:1d828b9543a28c6d45e8108d059906f554fe2278587019826ef3327cc98d6f03ghost:latest",
                        "attributes": {
                            "id": "sha256:1d828b9543a28c6d45e8108d059906f554fe2278587019826ef3327cc98d6f03ghost:latest",
                            "latest": "sha256:1d828b9543a28c6d45e8108d059906f554fe2278587019826ef3327cc98d6f03",
                            "name": "ghost:latest"
                        },
                        "meta": {},
                        "tainted": false
                    },
                    "deposed": [],
                    "provider": "provider.docker"
                }
            },
            "depends_on": []
        }
    ]
}
