{
    "version": 3,
    "terraform_version": "0.11.7",
    "serial": 9,
    "lineage": "0ceab0cb-a897-0b5a-e076-9cae6dcacf08",
    "modules": [
        {
            "path": [
                "root"
            ],
            "outputs": {
                "IP Address": {
                    "sensitive": false,
                    "type": "string",
                    "value": "172.17.0.2"
                },
                "container_name": {
                    "sensitive": false,
                    "type": "string",
                    "value": "blog"
                }
            },
            "resources": {
                "docker_container.container_id": {
                    "type": "docker_container",
                    "depends_on": [
                        "docker_image.image_id"
                    ],
                    "primary": {
                        "id": "7cd0947974e78075ede98ca50dab6fa9451bc80cfff59494f05be983da0e08b1",
                        "attributes": {
                            "bridge": "",
                            "gateway": "172.17.0.1",
                            "id": "7cd0947974e78075ede98ca50dab6fa9451bc80cfff59494f05be983da0e08b1",
                            "image": "sha256:a375d6b66f06c8ff42658d5b83c51ded88836b409e5413e40191df0cbacb9c5b",
                            "ip_address": "172.17.0.2",
                            "ip_prefix_length": "16",
                            "log_driver": "json-file",
                            "must_run": "true",
                            "name": "blog",
                            "ports.#": "1",
                            "ports.3299995924.external": "8128",
                            "ports.3299995924.internal": "2368",
                            "ports.3299995924.ip": "",
                            "ports.3299995924.protocol": "tcp",
                            "restart": "no"
                        },
                        "meta": {},
                        "tainted": false
                    },
                    "deposed": [],
                    "provider": "provider.docker"
                },
                "docker_image.image_id": {
                    "type": "docker_image",
                    "depends_on": [],
                    "primary": {
                        "id": "sha256:a375d6b66f06c8ff42658d5b83c51ded88836b409e5413e40191df0cbacb9c5bghost:latest",
                        "attributes": {
                            "id": "sha256:a375d6b66f06c8ff42658d5b83c51ded88836b409e5413e40191df0cbacb9c5bghost:latest",
                            "latest": "sha256:a375d6b66f06c8ff42658d5b83c51ded88836b409e5413e40191df0cbacb9c5b",
                            "name": "ghost:latest"
                        },
                        "meta": {},
                        "tainted": false
                    },
                    "deposed": [],
                    "provider": "provider.docker"
                }
            },
            "depends_on": []
        }
    ]
}
