{
    "version": 3,
    "terraform_version": "0.11.7",
    "serial": 2,
    "lineage": "6e4f97bf-09c2-2aab-23c4-26aa65d4ea37",
    "modules": [
        {
            "path": [
                "root"
            ],
            "outputs": {
                "IP Address": {
                    "sensitive": false,
                    "type": "string",
                    "value": "172.17.0.2"
                },
                "container_name": {
                    "sensitive": false,
                    "type": "string",
                    "value": "prod_blog"
                }
            },
            "resources": {},
            "depends_on": []
        },
        {
            "path": [
                "root",
                "container"
            ],
            "outputs": {
                "container_name": {
                    "sensitive": false,
                    "type": "string",
                    "value": "prod_blog"
                },
                "ip_addr": {
                    "sensitive": false,
                    "type": "string",
                    "value": "172.17.0.2"
                }
            },
            "resources": {
                "docker_container.container_id": {
                    "type": "docker_container",
                    "depends_on": [],
                    "primary": {
                        "id": "9ae68271a6b0ec3e706b759e9d1c09d1a2a0c106212aa5a0372f0725be153378",
                        "attributes": {
                            "bridge": "",
                            "gateway": "172.17.0.1",
                            "id": "9ae68271a6b0ec3e706b759e9d1c09d1a2a0c106212aa5a0372f0725be153378",
                            "image": "sha256:27345712c3a9d154b351077dff4b5d10faa34a4f6f95e3744a5961329c113a3a",
                            "ip_address": "172.17.0.2",
                            "ip_prefix_length": "16",
                            "log_driver": "json-file",
                            "must_run": "true",
                            "name": "prod_blog",
                            "ports.#": "1",
                            "ports.1005895661.external": "8130",
                            "ports.1005895661.internal": "2368",
                            "ports.1005895661.ip": "",
                            "ports.1005895661.protocol": "tcp",
                            "restart": "no"
                        },
                        "meta": {},
                        "tainted": false
                    },
                    "deposed": [],
                    "provider": "provider.docker"
                }
            },
            "depends_on": []
        },
        {
            "path": [
                "root",
                "image"
            ],
            "outputs": {
                "image_out": {
                    "sensitive": false,
                    "type": "string",
                    "value": "sha256:27345712c3a9d154b351077dff4b5d10faa34a4f6f95e3744a5961329c113a3a"
                }
            },
            "resources": {
                "docker_image.image_id": {
                    "type": "docker_image",
                    "depends_on": [],
                    "primary": {
                        "id": "sha256:27345712c3a9d154b351077dff4b5d10faa34a4f6f95e3744a5961329c113a3aghost:alpine",
                        "attributes": {
                            "id": "sha256:27345712c3a9d154b351077dff4b5d10faa34a4f6f95e3744a5961329c113a3aghost:alpine",
                            "latest": "sha256:27345712c3a9d154b351077dff4b5d10faa34a4f6f95e3744a5961329c113a3a",
                            "name": "ghost:alpine"
                        },
                        "meta": {},
                        "tainted": false
                    },
                    "deposed": [],
                    "provider": "provider.docker"
                }
            },
            "depends_on": []
        }
    ]
}
